<?xml version="1.0" encoding="utf-8"?>
<Project ToolsVersion="4.0" xmlns="http://schemas.microsoft.com/developer/msbuild/2003">
  <ItemGroup>
    <Filter Include="Source Files">
      <UniqueIdentifier>{4FC737F1-C7A5-4376-A066-2A32D752A2FF}</UniqueIdentifier>
      <Extensions>cpp;c;cc;cxx;def;odl;idl;hpj;bat;asm;asmx</Extensions>
    </Filter>
    <Filter Include="Header Files">
      <UniqueIdentifier>{93995380-89BD-4b04-88EB-625FBE52EBFB}</UniqueIdentifier>
      <Extensions>h;hh;hpp;hxx;hm;inl;inc;xsd</Extensions>
    </Filter>
    <Filter Include="Resource Files">
      <UniqueIdentifier>{67DA6AB6-F800-4c08-8B7A-83BB121AAD01}</UniqueIdentifier>
      <Extensions>rc;ico;cur;bmp;dlg;rc2;rct;bin;rgs;gif;jpg;jpeg;jpe;resx;tiff;tif;png;wav;mfcribbon-ms</Extensions>
    </Filter>
    <Filter Include="Header Files\Cameras">
      <UniqueIdentifier>{09dd850d-cf43-4e31-9c86-0efded2ba29e}</UniqueIdentifier>
    </Filter>
    <Filter Include="Source Files\Cameras">
      <UniqueIdentifier>{19556751-ad24-4370-abbe-022dc9b20e7e}</UniqueIdentifier>
    </Filter>
    <Filter Include="Header Files\RenderingGeometry">
      <UniqueIdentifier>{8bc83227-ede4-48ad-811c-30e2c5d5433c}</UniqueIdentifier>
    </Filter>
    <Filter Include="Source Files\RenderingGeometry">
      <UniqueIdentifier>{9b45d7c1-ecc3-4f25-bd9a-851c9b971a0d}</UniqueIdentifier>
    </Filter>
    <Filter Include="Resource Files\shaders">
      <UniqueIdentifier>{4a485d9c-ffdf-4b9b-824f-bde136b7eeab}</UniqueIdentifier>
    </Filter>
    <Filter Include="Header Files\Texturing">
      <UniqueIdentifier>{ae7d38b1-f70a-4d48-8751-fceb5d8ed328}</UniqueIdentifier>
    </Filter>
    <Filter Include="Source Files\Texturing">
      <UniqueIdentifier>{51ee3d7c-0759-4473-bc4e-86260400eb2e}</UniqueIdentifier>
    </Filter>
    <Filter Include="Header Files\Lighting">
      <UniqueIdentifier>{97d9c580-ecc5-498c-ae29-7118ca1b089d}</UniqueIdentifier>
    </Filter>
    <Filter Include="Source Files\Lighting">
      <UniqueIdentifier>{9fbce030-a2f9-41c6-89ea-55f99386f844}</UniqueIdentifier>
    </Filter>
    <Filter Include="Header Files\AdvancedTextures">
      <UniqueIdentifier>{b60cc579-bb1b-450f-8375-40e0976c496f}</UniqueIdentifier>
    </Filter>
    <Filter Include="Source Files\AdvancedTextures">
      <UniqueIdentifier>{d6e65c8d-7dfc-4f43-9971-ee623a462d05}</UniqueIdentifier>
    </Filter>
    <Filter Include="Header Files\Quaternions">
      <UniqueIdentifier>{b800bff1-5740-42d8-85af-b9d80306961f}</UniqueIdentifier>
    </Filter>
    <Filter Include="Source Files\Quaternions">
      <UniqueIdentifier>{a9d293d4-747a-4952-aa67-42d6dfcab1ac}</UniqueIdentifier>
    </Filter>
    <Filter Include="Header Files\Animation">
      <UniqueIdentifier>{6e8f1dcd-c4b8-465d-adca-821a0a4e8fa6}</UniqueIdentifier>
    </Filter>
    <Filter Include="Source Files\Animation">
      <UniqueIdentifier>{31294364-e3fe-47d2-9624-d4bc82969439}</UniqueIdentifier>
    </Filter>
    <Filter Include="Header Files\Particles">
      <UniqueIdentifier>{38bbebb7-5924-4aab-97bc-cfacd1d0cc31}</UniqueIdentifier>
    </Filter>
    <Filter Include="Source Files\Particles">
      <UniqueIdentifier>{2e50feaf-701b-48c1-be9b-c61c7c30aebd}</UniqueIdentifier>
    </Filter>
  </ItemGroup>
  <ItemGroup>
    <ClCompile Include="src\gl_core_4_4.c">
      <Filter>Source Files</Filter>
    </ClCompile>
    <ClCompile Include="src\main.cpp">
      <Filter>Source Files</Filter>
    </ClCompile>
    <ClCompile Include="src\Gizmos.cpp">
      <Filter>Source Files</Filter>
    </ClCompile>
    <ClCompile Include="src\Application.cpp">
      <Filter>Source Files</Filter>
    </ClCompile>
    <ClCompile Include="src\IntroToOpenGL.cpp">
      <Filter>Source Files</Filter>
    </ClCompile>
    <ClCompile Include="src\CameraAndProjections.cpp">
      <Filter>Source Files\Cameras</Filter>
    </ClCompile>
    <ClCompile Include="src\Camera.cpp">
      <Filter>Source Files\Cameras</Filter>
    </ClCompile>
    <ClCompile Include="src\RenderingGeometry.cpp">
      <Filter>Source Files\RenderingGeometry</Filter>
    </ClCompile>
    <ClCompile Include="src\Utility.cpp">
      <Filter>Source Files</Filter>
    </ClCompile>
    <ClCompile Include="src\Texturing.cpp">
      <Filter>Source Files\Texturing</Filter>
    </ClCompile>
    <ClCompile Include="src\Lighting.cpp">
      <Filter>Source Files\Lighting</Filter>
    </ClCompile>
    <ClCompile Include="src\tiny_obj_loader.cc">
      <Filter>Source Files</Filter>
    </ClCompile>
    <ClCompile Include="src\AdvancedTextures.cpp">
      <Filter>Source Files\AdvancedTextures</Filter>
    </ClCompile>
    <ClCompile Include="src\Quaternions.cpp">
      <Filter>Source Files\Quaternions</Filter>
    </ClCompile>
    <ClCompile Include="src\Animation.cpp">
      <Filter>Source Files\Animation</Filter>
    </ClCompile>
    <ClCompile Include="src\Particles.cpp">
      <Filter>Source Files\Particles</Filter>
    </ClCompile>
    <ClCompile Include="src\Emitter.cpp">
      <Filter>Source Files\Particles</Filter>
    </ClCompile>
  </ItemGroup>
  <ItemGroup>
    <ClInclude Include="src\gl_core_4_4.h">
      <Filter>Header Files</Filter>
    </ClInclude>
    <ClInclude Include="src\Gizmos.h">
      <Filter>Header Files</Filter>
    </ClInclude>
    <ClInclude Include="src\Application.h">
      <Filter>Header Files</Filter>
    </ClInclude>
    <ClInclude Include="src\IntroToOpenGL.h">
      <Filter>Header Files</Filter>
    </ClInclude>
    <ClInclude Include="src\CameraAndProjections.h">
      <Filter>Header Files\Cameras</Filter>
    </ClInclude>
    <ClInclude Include="src\Camera.h">
      <Filter>Header Files\Cameras</Filter>
    </ClInclude>
    <ClInclude Include="src\RenderingGeometry.h">
      <Filter>Header Files\RenderingGeometry</Filter>
    </ClInclude>
    <ClInclude Include="src\glm_header.h">
      <Filter>Header Files</Filter>
    </ClInclude>
    <ClInclude Include="src\Vertex.h">
      <Filter>Header Files</Filter>
    </ClInclude>
    <ClInclude Include="src\stb_image.h">
      <Filter>Header Files</Filter>
    </ClInclude>
    <ClInclude Include="src\Utility.h">
      <Filter>Header Files</Filter>
    </ClInclude>
    <ClInclude Include="src\Texturing.h">
      <Filter>Header Files\Texturing</Filter>
    </ClInclude>
    <ClInclude Include="src\Lighting.h">
      <Filter>Header Files\Lighting</Filter>
    </ClInclude>
    <ClInclude Include="src\tiny_obj_loader.h">
      <Filter>Header Files</Filter>
    </ClInclude>
    <ClInclude Include="src\AdvancedTextures.h">
      <Filter>Header Files\AdvancedTextures</Filter>
    </ClInclude>
    <ClInclude Include="src\Quaternions.h">
      <Filter>Header Files\Quaternions</Filter>
    </ClInclude>
    <ClInclude Include="src\Animation.h">
      <Filter>Header Files\Animation</Filter>
    </ClInclude>
    <ClInclude Include="src\Particles.h">
      <Filter>Header Files\Particles</Filter>
    </ClInclude>
    <ClInclude Include="src\Emitter.h">
      <Filter>Header Files\Particles</Filter>
    </ClInclude>
  </ItemGroup>
  <ItemGroup>
    <None Include="data\shaders\frag_shader.glsl">
      <Filter>Resource Files\shaders</Filter>
    </None>
    <None Include="data\shaders\vert_shader.glsl">
      <Filter>Resource Files\shaders</Filter>
    </None>
    <None Include="data\shaders\textured_vertex.glsl">
      <Filter>Resource Files\shaders</Filter>
    </None>
    <None Include="data\shaders\textured_fragment.glsl">
      <Filter>Resource Files\shaders</Filter>
    </None>
    <None Include="data\shaders\lighting_vertex.glsl">
      <Filter>Resource Files\shaders</Filter>
    </None>
    <None Include="data\shaders\lighting_fragment.glsl">
      <Filter>Resource Files\shaders</Filter>
    </None>
    <None Include="data\shaders\normal_mapped_vertex.glsl">
      <Filter>Resource Files\shaders</Filter>
    </None>
    <None Include="data\shaders\normal_mapped_fragment.glsl">
      <Filter>Resource Files\shaders</Filter>
    </None>
    <None Include="data\shaders\skinned_vertex.glsl">
      <Filter>Resource Files\shaders</Filter>
    </None>
    <None Include="data\shaders\skinned_fragment.glsl">
      <Filter>Resource Files\shaders</Filter>
    </None>
    <None Include="data\shaders\particle_vertex.glsl">
      <Filter>Resource Files\shaders</Filter>
    </None>
    <None Include="data\shaders\particle_fragment.glsl">
      <Filter>Resource Files\shaders</Filter>
    </None>
  </ItemGroup>
</Project>